
Microsoft Visual Studio Solution File, Format Version 12.00
Project("{2150E333-8FDC-42A3-9474-1A3956D46DE8}") = "src", "src", "{1F965457-B1EA-4C94-BBC6-96BB4CEE2199}"
EndProject
Project("{2150E333-8FDC-42A3-9474-1A3956D46DE8}") = "tests", "tests", "{1149B008-B461-4CF4-94C3-49BA55E976BF}"
EndProject
Project("{2150E333-8FDC-42A3-9474-1A3956D46DE8}") = "Rating", "Rating", "{00763309-20E6-4789-8FCF-1D5B0D808DE3}"
EndProject
Project("{2150E333-8FDC-42A3-9474-1A3956D46DE8}") = "Notification", "Notification", "{CB2A5D2C-BEAF-4FE4-9889-A91BD5265B08}"
EndProject
Project("{2150E333-8FDC-42A3-9474-1A3956D46DE8}") = "Core", "Core", "{55FFD927-F20B-41A2-98B3-01F09693E1B8}"
EndProject
Project("{FAE04EC0-301F-11D3-BF4B-00C04F79EFBC}") = "Core.Application", "Core.Application\Core.Application.csproj", "{5E6C056C-1031-4154-91E1-AB14012360EF}"
EndProject
Project("{FAE04EC0-301F-11D3-BF4B-00C04F79EFBC}") = "Notification.Api", "Notification.Api\Notification.Api.csproj", "{85A28881-AA71-4C83-AD30-43025B1E2FCB}"
EndProject
Project("{FAE04EC0-301F-11D3-BF4B-00C04F79EFBC}") = "Rating.Api", "Rating.Api\Rating.Api.csproj", "{6CF579E6-ED27-4144-A806-1BBD75321A57}"
EndProject
Project("{FAE04EC0-301F-11D3-BF4B-00C04F79EFBC}") = "Core.Domain", "Core.Domain\Core.Domain.csproj", "{EE271E60-19AF-47C1-BCCB-5C2F83BAFE2A}"
EndProject
Project("{FAE04EC0-301F-11D3-BF4B-00C04F79EFBC}") = "Rating.Application", "Rating.Application\Rating.Application.csproj", "{1480D22F-931A-4373-8B51-ACBDF4FBF269}"
EndProject
Project("{FAE04EC0-301F-11D3-BF4B-00C04F79EFBC}") = "Rating.Persistance", "Rating.Persistance\Rating.Persistance.csproj", "{29798852-83D8-4F8C-81A7-3F5B92578393}"
EndProject
Project("{FAE04EC0-301F-11D3-BF4B-00C04F79EFBC}") = "Rating.Domain", "Rating.Domain\Rating.Domain.csproj", "{93518D08-6113-4059-A3AA-6BF858076A04}"
EndProject
Project("{FAE04EC0-301F-11D3-BF4B-00C04F79EFBC}") = "Notification.Application", "Notification.Application\Notification.Application.csproj", "{06685DCD-637D-49FF-BF38-00E3B7171F78}"
EndProject
Project("{FAE04EC0-301F-11D3-BF4B-00C04F79EFBC}") = "Core.Persistance", "Core.Persistance\Core.Persistance.csproj", "{D4D3F282-9FD4-4492-95C7-C8D396F8F79C}"
EndProject
Project("{FAE04EC0-301F-11D3-BF4B-00C04F79EFBC}") = "Notification.Persistance", "Notification.Persistance\Notification.Persistance.csproj", "{7B891B00-F047-47E2-96F5-64C60C85F70F}"
EndProject
Project("{FAE04EC0-301F-11D3-BF4B-00C04F79EFBC}") = "Notification.Domain", "Notification.Domain\Notification.Domain.csproj", "{BAF860E5-362F-41E3-BA5F-BCB52CDF0A1F}"
EndProject
Project("{FAE04EC0-301F-11D3-BF4B-00C04F79EFBC}") = "Notification.UnitTests", "Notification.UnitTests\Notification.UnitTests.csproj", "{2DA17616-AD97-4FCC-92AF-F23D368F62FB}"
EndProject
Project("{FAE04EC0-301F-11D3-BF4B-00C04F79EFBC}") = "Rating.UnitTests", "Rating.UnitTests\Rating.UnitTests.csproj", "{A2617DF3-6BC6-46E6-8CA4-4FF4DF719AFA}"
EndProject
Global
	GlobalSection(SolutionConfigurationPlatforms) = preSolution
		Debug|Any CPU = Debug|Any CPU
		Release|Any CPU = Release|Any CPU
	EndGlobalSection
	GlobalSection(NestedProjects) = preSolution
		{00763309-20E6-4789-8FCF-1D5B0D808DE3} = {1F965457-B1EA-4C94-BBC6-96BB4CEE2199}
		{CB2A5D2C-BEAF-4FE4-9889-A91BD5265B08} = {1F965457-B1EA-4C94-BBC6-96BB4CEE2199}
		{55FFD927-F20B-41A2-98B3-01F09693E1B8} = {1F965457-B1EA-4C94-BBC6-96BB4CEE2199}
		{5E6C056C-1031-4154-91E1-AB14012360EF} = {55FFD927-F20B-41A2-98B3-01F09693E1B8}
		{85A28881-AA71-4C83-AD30-43025B1E2FCB} = {CB2A5D2C-BEAF-4FE4-9889-A91BD5265B08}
		{6CF579E6-ED27-4144-A806-1BBD75321A57} = {00763309-20E6-4789-8FCF-1D5B0D808DE3}
		{EE271E60-19AF-47C1-BCCB-5C2F83BAFE2A} = {55FFD927-F20B-41A2-98B3-01F09693E1B8}
		{1480D22F-931A-4373-8B51-ACBDF4FBF269} = {00763309-20E6-4789-8FCF-1D5B0D808DE3}
		{29798852-83D8-4F8C-81A7-3F5B92578393} = {00763309-20E6-4789-8FCF-1D5B0D808DE3}
		{93518D08-6113-4059-A3AA-6BF858076A04} = {00763309-20E6-4789-8FCF-1D5B0D808DE3}
		{06685DCD-637D-49FF-BF38-00E3B7171F78} = {CB2A5D2C-BEAF-4FE4-9889-A91BD5265B08}
		{D4D3F282-9FD4-4492-95C7-C8D396F8F79C} = {55FFD927-F20B-41A2-98B3-01F09693E1B8}
		{7B891B00-F047-47E2-96F5-64C60C85F70F} = {CB2A5D2C-BEAF-4FE4-9889-A91BD5265B08}
		{BAF860E5-362F-41E3-BA5F-BCB52CDF0A1F} = {CB2A5D2C-BEAF-4FE4-9889-A91BD5265B08}
		{2DA17616-AD97-4FCC-92AF-F23D368F62FB} = {1149B008-B461-4CF4-94C3-49BA55E976BF}
		{A2617DF3-6BC6-46E6-8CA4-4FF4DF719AFA} = {1149B008-B461-4CF4-94C3-49BA55E976BF}
	EndGlobalSection
	GlobalSection(ProjectConfigurationPlatforms) = postSolution
		{5E6C056C-1031-4154-91E1-AB14012360EF}.Debug|Any CPU.ActiveCfg = Debug|Any CPU
		{5E6C056C-1031-4154-91E1-AB14012360EF}.Debug|Any CPU.Build.0 = Debug|Any CPU
		{5E6C056C-1031-4154-91E1-AB14012360EF}.Release|Any CPU.ActiveCfg = Release|Any CPU
		{5E6C056C-1031-4154-91E1-AB14012360EF}.Release|Any CPU.Build.0 = Release|Any CPU
		{85A28881-AA71-4C83-AD30-43025B1E2FCB}.Debug|Any CPU.ActiveCfg = Debug|Any CPU
		{85A28881-AA71-4C83-AD30-43025B1E2FCB}.Debug|Any CPU.Build.0 = Debug|Any CPU
		{85A28881-AA71-4C83-AD30-43025B1E2FCB}.Release|Any CPU.ActiveCfg = Release|Any CPU
		{85A28881-AA71-4C83-AD30-43025B1E2FCB}.Release|Any CPU.Build.0 = Release|Any CPU
		{6CF579E6-ED27-4144-A806-1BBD75321A57}.Debug|Any CPU.ActiveCfg = Debug|Any CPU
		{6CF579E6-ED27-4144-A806-1BBD75321A57}.Debug|Any CPU.Build.0 = Debug|Any CPU
		{6CF579E6-ED27-4144-A806-1BBD75321A57}.Release|Any CPU.ActiveCfg = Release|Any CPU
		{6CF579E6-ED27-4144-A806-1BBD75321A57}.Release|Any CPU.Build.0 = Release|Any CPU
		{EE271E60-19AF-47C1-BCCB-5C2F83BAFE2A}.Debug|Any CPU.ActiveCfg = Debug|Any CPU
		{EE271E60-19AF-47C1-BCCB-5C2F83BAFE2A}.Debug|Any CPU.Build.0 = Debug|Any CPU
		{EE271E60-19AF-47C1-BCCB-5C2F83BAFE2A}.Release|Any CPU.ActiveCfg = Release|Any CPU
		{EE271E60-19AF-47C1-BCCB-5C2F83BAFE2A}.Release|Any CPU.Build.0 = Release|Any CPU
		{1480D22F-931A-4373-8B51-ACBDF4FBF269}.Debug|Any CPU.ActiveCfg = Debug|Any CPU
		{1480D22F-931A-4373-8B51-ACBDF4FBF269}.Debug|Any CPU.Build.0 = Debug|Any CPU
		{1480D22F-931A-4373-8B51-ACBDF4FBF269}.Release|Any CPU.ActiveCfg = Release|Any CPU
		{1480D22F-931A-4373-8B51-ACBDF4FBF269}.Release|Any CPU.Build.0 = Release|Any CPU
		{29798852-83D8-4F8C-81A7-3F5B92578393}.Debug|Any CPU.ActiveCfg = Debug|Any CPU
		{29798852-83D8-4F8C-81A7-3F5B92578393}.Debug|Any CPU.Build.0 = Debug|Any CPU
		{29798852-83D8-4F8C-81A7-3F5B92578393}.Release|Any CPU.ActiveCfg = Release|Any CPU
		{29798852-83D8-4F8C-81A7-3F5B92578393}.Release|Any CPU.Build.0 = Release|Any CPU
		{93518D08-6113-4059-A3AA-6BF858076A04}.Debug|Any CPU.ActiveCfg = Debug|Any CPU
		{93518D08-6113-4059-A3AA-6BF858076A04}.Debug|Any CPU.Build.0 = Debug|Any CPU
		{93518D08-6113-4059-A3AA-6BF858076A04}.Release|Any CPU.ActiveCfg = Release|Any CPU
		{93518D08-6113-4059-A3AA-6BF858076A04}.Release|Any CPU.Build.0 = Release|Any CPU
		{06685DCD-637D-49FF-BF38-00E3B7171F78}.Debug|Any CPU.ActiveCfg = Debug|Any CPU
		{06685DCD-637D-49FF-BF38-00E3B7171F78}.Debug|Any CPU.Build.0 = Debug|Any CPU
		{06685DCD-637D-49FF-BF38-00E3B7171F78}.Release|Any CPU.ActiveCfg = Release|Any CPU
		{06685DCD-637D-49FF-BF38-00E3B7171F78}.Release|Any CPU.Build.0 = Release|Any CPU
		{D4D3F282-9FD4-4492-95C7-C8D396F8F79C}.Debug|Any CPU.ActiveCfg = Debug|Any CPU
		{D4D3F282-9FD4-4492-95C7-C8D396F8F79C}.Debug|Any CPU.Build.0 = Debug|Any CPU
		{D4D3F282-9FD4-4492-95C7-C8D396F8F79C}.Release|Any CPU.ActiveCfg = Release|Any CPU
		{D4D3F282-9FD4-4492-95C7-C8D396F8F79C}.Release|Any CPU.Build.0 = Release|Any CPU
		{7B891B00-F047-47E2-96F5-64C60C85F70F}.Debug|Any CPU.ActiveCfg = Debug|Any CPU
		{7B891B00-F047-47E2-96F5-64C60C85F70F}.Debug|Any CPU.Build.0 = Debug|Any CPU
		{7B891B00-F047-47E2-96F5-64C60C85F70F}.Release|Any CPU.ActiveCfg = Release|Any CPU
		{7B891B00-F047-47E2-96F5-64C60C85F70F}.Release|Any CPU.Build.0 = Release|Any CPU
		{BAF860E5-362F-41E3-BA5F-BCB52CDF0A1F}.Debug|Any CPU.ActiveCfg = Debug|Any CPU
		{BAF860E5-362F-41E3-BA5F-BCB52CDF0A1F}.Debug|Any CPU.Build.0 = Debug|Any CPU
		{BAF860E5-362F-41E3-BA5F-BCB52CDF0A1F}.Release|Any CPU.ActiveCfg = Release|Any CPU
		{BAF860E5-362F-41E3-BA5F-BCB52CDF0A1F}.Release|Any CPU.Build.0 = Release|Any CPU
		{2DA17616-AD97-4FCC-92AF-F23D368F62FB}.Debug|Any CPU.ActiveCfg = Debug|Any CPU
		{2DA17616-AD97-4FCC-92AF-F23D368F62FB}.Debug|Any CPU.Build.0 = Debug|Any CPU
		{2DA17616-AD97-4FCC-92AF-F23D368F62FB}.Release|Any CPU.ActiveCfg = Release|Any CPU
		{2DA17616-AD97-4FCC-92AF-F23D368F62FB}.Release|Any CPU.Build.0 = Release|Any CPU
		{A2617DF3-6BC6-46E6-8CA4-4FF4DF719AFA}.Debug|Any CPU.ActiveCfg = Debug|Any CPU
		{A2617DF3-6BC6-46E6-8CA4-4FF4DF719AFA}.Debug|Any CPU.Build.0 = Debug|Any CPU
		{A2617DF3-6BC6-46E6-8CA4-4FF4DF719AFA}.Release|Any CPU.ActiveCfg = Release|Any CPU
		{A2617DF3-6BC6-46E6-8CA4-4FF4DF719AFA}.Release|Any CPU.Build.0 = Release|Any CPU
	EndGlobalSection
EndGlobal
